
Microsoft Visual Studio Solution File, Format Version 12.00
# Visual Studio Version 16
VisualStudioVersion = 16.0.30002.166
MinimumVisualStudioVersion = 10.0.40219.1
Project("{FAE04EC0-301F-11D3-BF4B-00C04F79EFBC}") = "freelancer", "freelancer\freelancer.csproj", "{1267DA12-9626-4528-8582-C0C125CAB5D6}"
EndProject
Project("{FAE04EC0-301F-11D3-BF4B-00C04F79EFBC}") = "Sinif", "Sinif\Sinif.csproj", "{F87EC250-641E-4267-8911-019FF57AE159}"
EndProject
Project("{FAE04EC0-301F-11D3-BF4B-00C04F79EFBC}") = "Veritabani", "Veritabani\Veritabani.csproj", "{B64938EE-6AEC-4201-B9F8-7C94F86FB0A2}"
EndProject
Global
	GlobalSection(SolutionConfigurationPlatforms) = preSolution
		Debug|Any CPU = Debug|Any CPU
		Release|Any CPU = Release|Any CPU
	EndGlobalSection
	GlobalSection(ProjectConfigurationPlatforms) = postSolution
		{1267DA12-9626-4528-8582-C0C125CAB5D6}.Debug|Any CPU.ActiveCfg = Debug|Any CPU
		{1267DA12-9626-4528-8582-C0C125CAB5D6}.Debug|Any CPU.Build.0 = Debug|Any CPU
		{1267DA12-9626-4528-8582-C0C125CAB5D6}.Release|Any CPU.ActiveCfg = Release|Any CPU
		{1267DA12-9626-4528-8582-C0C125CAB5D6}.Release|Any CPU.Build.0 = Release|Any CPU
		{F87EC250-641E-4267-8911-019FF57AE159}.Debug|Any CPU.ActiveCfg = Debug|Any CPU
		{F87EC250-641E-4267-8911-019FF57AE159}.Debug|Any CPU.Build.0 = Debug|Any CPU
		{F87EC250-641E-4267-8911-019FF57AE159}.Release|Any CPU.ActiveCfg = Release|Any CPU
		{F87EC250-641E-4267-8911-019FF57AE159}.Release|Any CPU.Build.0 = Release|Any CPU
		{B64938EE-6AEC-4201-B9F8-7C94F86FB0A2}.Debug|Any CPU.ActiveCfg = Debug|Any CPU
		{B64938EE-6AEC-4201-B9F8-7C94F86FB0A2}.Debug|Any CPU.Build.0 = Debug|Any CPU
		{B64938EE-6AEC-4201-B9F8-7C94F86FB0A2}.Release|Any CPU.ActiveCfg = Release|Any CPU
		{B64938EE-6AEC-4201-B9F8-7C94F86FB0A2}.Release|Any CPU.Build.0 = Release|Any CPU
	EndGlobalSection
	GlobalSection(SolutionProperties) = preSolution
		HideSolutionNode = FALSE
	EndGlobalSection
	GlobalSection(ExtensibilityGlobals) = postSolution
		SolutionGuid = {ED15DB9E-64D1-471A-9420-46FB257ADC5D}
	EndGlobalSection
EndGlobal
